
Microsoft Visual Studio Solution File, Format Version 12.00
# Visual Studio 15
VisualStudioVersion = 15.0.27428.2015
MinimumVisualStudioVersion = 10.0.40219.1
Project("{FAE04EC0-301F-11D3-BF4B-00C04F79EFBC}") = "Lab12", "Lab12\Lab12.csproj", "{FE4064BA-7844-4CFC-AC56-18C3A8FD7A61}"
EndProject
Global
	GlobalSection(SolutionConfigurationPlatforms) = preSolution
		Debug|Any CPU = Debug|Any CPU
		Release|Any CPU = Release|Any CPU
	EndGlobalSection
	GlobalSection(ProjectConfigurationPlatforms) = postSolution
		{FE4064BA-7844-4CFC-AC56-18C3A8FD7A61}.Debug|Any CPU.ActiveCfg = Debug|Any CPU
		{FE4064BA-7844-4CFC-AC56-18C3A8FD7A61}.Debug|Any CPU.Build.0 = Debug|Any CPU
		{FE4064BA-7844-4CFC-AC56-18C3A8FD7A61}.Release|Any CPU.ActiveCfg = Release|Any CPU
		{FE4064BA-7844-4CFC-AC56-18C3A8FD7A61}.Release|Any CPU.Build.0 = Release|Any CPU
	EndGlobalSection
	GlobalSection(SolutionProperties) = preSolution
		HideSolutionNode = FALSE
	EndGlobalSection
	GlobalSection(ExtensibilityGlobals) = postSolution
		SolutionGuid = {F41E127E-C49A-45D7-B079-8AC3B085383D}
	EndGlobalSection
EndGlobal
