
Microsoft Visual Studio Solution File, Format Version 12.00
# Visual Studio 15
VisualStudioVersion = 15.0.26730.16
MinimumVisualStudioVersion = 10.0.40219.1
Project("{FAE04EC0-301F-11D3-BF4B-00C04F79EFBC}") = "WarFlows", "WarFlows\WarFlows.csproj", "{9FF6ED2E-00A3-4BBF-81DA-D553E658F8EF}"
EndProject
Global
	GlobalSection(SolutionConfigurationPlatforms) = preSolution
		Debug|Any CPU = Debug|Any CPU
		Release|Any CPU = Release|Any CPU
	EndGlobalSection
	GlobalSection(ProjectConfigurationPlatforms) = postSolution
		{9FF6ED2E-00A3-4BBF-81DA-D553E658F8EF}.Debug|Any CPU.ActiveCfg = Debug|Any CPU
		{9FF6ED2E-00A3-4BBF-81DA-D553E658F8EF}.Debug|Any CPU.Build.0 = Debug|Any CPU
		{9FF6ED2E-00A3-4BBF-81DA-D553E658F8EF}.Release|Any CPU.ActiveCfg = Release|Any CPU
		{9FF6ED2E-00A3-4BBF-81DA-D553E658F8EF}.Release|Any CPU.Build.0 = Release|Any CPU
	EndGlobalSection
	GlobalSection(SolutionProperties) = preSolution
		HideSolutionNode = FALSE
	EndGlobalSection
	GlobalSection(ExtensibilityGlobals) = postSolution
		SolutionGuid = {FB00669E-2FF2-4170-8915-A6CF0A3D9A6C}
	EndGlobalSection
EndGlobal
