
Microsoft Visual Studio Solution File, Format Version 12.00
# Visual Studio 14
VisualStudioVersion = 14.0.25420.1
MinimumVisualStudioVersion = 10.0.40219.1
Project("{FAE04EC0-301F-11D3-BF4B-00C04F79EFBC}") = "Exam1", "Exam1\Exam1.csproj", "{678FB6A6-04AB-4D31-9113-19215F18C649}"
EndProject
Project("{FAE04EC0-301F-11D3-BF4B-00C04F79EFBC}") = "Exam1.Tests", "Exam1.Tests\Exam1.Tests.csproj", "{45E1CA4D-7722-426D-86DF-93F9A1C84763}"
EndProject
Global
	GlobalSection(SolutionConfigurationPlatforms) = preSolution
		Debug|Any CPU = Debug|Any CPU
		Release|Any CPU = Release|Any CPU
	EndGlobalSection
	GlobalSection(ProjectConfigurationPlatforms) = postSolution
		{678FB6A6-04AB-4D31-9113-19215F18C649}.Debug|Any CPU.ActiveCfg = Debug|Any CPU
		{678FB6A6-04AB-4D31-9113-19215F18C649}.Debug|Any CPU.Build.0 = Debug|Any CPU
		{678FB6A6-04AB-4D31-9113-19215F18C649}.Release|Any CPU.ActiveCfg = Release|Any CPU
		{678FB6A6-04AB-4D31-9113-19215F18C649}.Release|Any CPU.Build.0 = Release|Any CPU
		{45E1CA4D-7722-426D-86DF-93F9A1C84763}.Debug|Any CPU.ActiveCfg = Debug|Any CPU
		{45E1CA4D-7722-426D-86DF-93F9A1C84763}.Debug|Any CPU.Build.0 = Debug|Any CPU
		{45E1CA4D-7722-426D-86DF-93F9A1C84763}.Release|Any CPU.ActiveCfg = Release|Any CPU
		{45E1CA4D-7722-426D-86DF-93F9A1C84763}.Release|Any CPU.Build.0 = Release|Any CPU
	EndGlobalSection
	GlobalSection(SolutionProperties) = preSolution
		HideSolutionNode = FALSE
	EndGlobalSection
EndGlobal
