
Microsoft Visual Studio Solution File, Format Version 12.00
# Visual Studio 14
VisualStudioVersion = 14.0.25420.1
MinimumVisualStudioVersion = 10.0.40219.1
Project("{FAE04EC0-301F-11D3-BF4B-00C04F79EFBC}") = "Translator", "Translator\Translator.csproj", "{F1266D70-0248-41E7-8C58-3E4B2105F350}"
EndProject
Project("{FAE04EC0-301F-11D3-BF4B-00C04F79EFBC}") = "SimpleTree", "SimpleTree\SimpleTree.csproj", "{B6D933DD-5AD3-4411-81E5-F0D5EE5B8280}"
EndProject
Global
	GlobalSection(SolutionConfigurationPlatforms) = preSolution
		Debug|Any CPU = Debug|Any CPU
		Release|Any CPU = Release|Any CPU
	EndGlobalSection
	GlobalSection(ProjectConfigurationPlatforms) = postSolution
		{F1266D70-0248-41E7-8C58-3E4B2105F350}.Debug|Any CPU.ActiveCfg = Debug|Any CPU
		{F1266D70-0248-41E7-8C58-3E4B2105F350}.Debug|Any CPU.Build.0 = Debug|Any CPU
		{F1266D70-0248-41E7-8C58-3E4B2105F350}.Release|Any CPU.ActiveCfg = Release|Any CPU
		{F1266D70-0248-41E7-8C58-3E4B2105F350}.Release|Any CPU.Build.0 = Release|Any CPU
		{B6D933DD-5AD3-4411-81E5-F0D5EE5B8280}.Debug|Any CPU.ActiveCfg = Debug|Any CPU
		{B6D933DD-5AD3-4411-81E5-F0D5EE5B8280}.Debug|Any CPU.Build.0 = Debug|Any CPU
		{B6D933DD-5AD3-4411-81E5-F0D5EE5B8280}.Release|Any CPU.ActiveCfg = Release|Any CPU
		{B6D933DD-5AD3-4411-81E5-F0D5EE5B8280}.Release|Any CPU.Build.0 = Release|Any CPU
	EndGlobalSection
	GlobalSection(SolutionProperties) = preSolution
		HideSolutionNode = FALSE
	EndGlobalSection
EndGlobal
