
Microsoft Visual Studio Solution File, Format Version 12.00
# Visual Studio 14
VisualStudioVersion = 14.0.25420.1
MinimumVisualStudioVersion = 10.0.40219.1
Project("{FAE04EC0-301F-11D3-BF4B-00C04F79EFBC}") = "CustomComponentExample", "CustomComponentExample\CustomComponentExample.csproj", "{4F498A85-DD93-4431-91B0-1A52D44F922F}"
EndProject
Project("{FAE04EC0-301F-11D3-BF4B-00C04F79EFBC}") = "CustomComponentExample.CustomComponents", "CustomComponentExample.CustomComponents\CustomComponentExample.CustomComponents.csproj", "{43B9189A-8002-4F58-BDE1-CA9C0FC38102}"
EndProject
Project("{FAE04EC0-301F-11D3-BF4B-00C04F79EFBC}") = "UITests", "UITests\UITests.csproj", "{CF9CE106-5E47-45EA-A8CE-A9F54A3C24D6}"
EndProject
Global
	GlobalSection(SolutionConfigurationPlatforms) = preSolution
		Debug|Any CPU = Debug|Any CPU
		Release|Any CPU = Release|Any CPU
	EndGlobalSection
	GlobalSection(ProjectConfigurationPlatforms) = postSolution
		{4F498A85-DD93-4431-91B0-1A52D44F922F}.Debug|Any CPU.ActiveCfg = Debug|Any CPU
		{4F498A85-DD93-4431-91B0-1A52D44F922F}.Debug|Any CPU.Build.0 = Debug|Any CPU
		{4F498A85-DD93-4431-91B0-1A52D44F922F}.Release|Any CPU.ActiveCfg = Release|Any CPU
		{4F498A85-DD93-4431-91B0-1A52D44F922F}.Release|Any CPU.Build.0 = Release|Any CPU
		{43B9189A-8002-4F58-BDE1-CA9C0FC38102}.Debug|Any CPU.ActiveCfg = Debug|Any CPU
		{43B9189A-8002-4F58-BDE1-CA9C0FC38102}.Debug|Any CPU.Build.0 = Debug|Any CPU
		{43B9189A-8002-4F58-BDE1-CA9C0FC38102}.Release|Any CPU.ActiveCfg = Release|Any CPU
		{43B9189A-8002-4F58-BDE1-CA9C0FC38102}.Release|Any CPU.Build.0 = Release|Any CPU
		{CF9CE106-5E47-45EA-A8CE-A9F54A3C24D6}.Debug|Any CPU.ActiveCfg = Debug|Any CPU
		{CF9CE106-5E47-45EA-A8CE-A9F54A3C24D6}.Debug|Any CPU.Build.0 = Debug|Any CPU
		{CF9CE106-5E47-45EA-A8CE-A9F54A3C24D6}.Release|Any CPU.ActiveCfg = Release|Any CPU
		{CF9CE106-5E47-45EA-A8CE-A9F54A3C24D6}.Release|Any CPU.Build.0 = Release|Any CPU
	EndGlobalSection
	GlobalSection(SolutionProperties) = preSolution
		HideSolutionNode = FALSE
	EndGlobalSection
EndGlobal
