
Microsoft Visual Studio Solution File, Format Version 12.00
# Visual Studio 14
VisualStudioVersion = 14.0.25420.1
MinimumVisualStudioVersion = 10.0.40219.1
Project("{FAE04EC0-301F-11D3-BF4B-00C04F79EFBC}") = "WPFExample", "WPFExample\WPFExample.csproj", "{E40EC5D4-4A88-47A0-AC35-5E4EF0BB3910}"
EndProject
Project("{FAE04EC0-301F-11D3-BF4B-00C04F79EFBC}") = "WPFExample.Tests", "WPFExample.Tests\WPFExample.Tests.csproj", "{AE59A49D-7BEB-443A-A40B-1B74684AF098}"
EndProject
Project("{FAE04EC0-301F-11D3-BF4B-00C04F79EFBC}") = "WPFExample.QuestionImporter", "WPFExample.QuestionImporter\WPFExample.QuestionImporter.csproj", "{DE7AF2A9-002A-45C1-95F0-989E856B1A72}"
EndProject
Project("{FAE04EC0-301F-11D3-BF4B-00C04F79EFBC}") = "WFPExample.Objects", "WFPExample.Objects\WFPExample.Objects.csproj", "{D34381C7-AEF9-4C6A-94E7-56830D70A3A3}"
EndProject
Project("{FAE04EC0-301F-11D3-BF4B-00C04F79EFBC}") = "WFPExample.Business", "WFPExample.Business\WFPExample.Business.csproj", "{625F28FB-483A-4BCC-90DA-ADDBAF217CD5}"
EndProject
Global
	GlobalSection(SolutionConfigurationPlatforms) = preSolution
		Debug|Any CPU = Debug|Any CPU
		Debug|ARM = Debug|ARM
		Debug|x64 = Debug|x64
		Debug|x86 = Debug|x86
		Release|Any CPU = Release|Any CPU
		Release|ARM = Release|ARM
		Release|x64 = Release|x64
		Release|x86 = Release|x86
	EndGlobalSection
	GlobalSection(ProjectConfigurationPlatforms) = postSolution
		{E40EC5D4-4A88-47A0-AC35-5E4EF0BB3910}.Debug|Any CPU.ActiveCfg = Debug|Any CPU
		{E40EC5D4-4A88-47A0-AC35-5E4EF0BB3910}.Debug|Any CPU.Build.0 = Debug|Any CPU
		{E40EC5D4-4A88-47A0-AC35-5E4EF0BB3910}.Debug|ARM.ActiveCfg = Debug|Any CPU
		{E40EC5D4-4A88-47A0-AC35-5E4EF0BB3910}.Debug|ARM.Build.0 = Debug|Any CPU
		{E40EC5D4-4A88-47A0-AC35-5E4EF0BB3910}.Debug|x64.ActiveCfg = Debug|Any CPU
		{E40EC5D4-4A88-47A0-AC35-5E4EF0BB3910}.Debug|x64.Build.0 = Debug|Any CPU
		{E40EC5D4-4A88-47A0-AC35-5E4EF0BB3910}.Debug|x86.ActiveCfg = Debug|Any CPU
		{E40EC5D4-4A88-47A0-AC35-5E4EF0BB3910}.Debug|x86.Build.0 = Debug|Any CPU
		{E40EC5D4-4A88-47A0-AC35-5E4EF0BB3910}.Release|Any CPU.ActiveCfg = Release|Any CPU
		{E40EC5D4-4A88-47A0-AC35-5E4EF0BB3910}.Release|Any CPU.Build.0 = Release|Any CPU
		{E40EC5D4-4A88-47A0-AC35-5E4EF0BB3910}.Release|ARM.ActiveCfg = Release|Any CPU
		{E40EC5D4-4A88-47A0-AC35-5E4EF0BB3910}.Release|ARM.Build.0 = Release|Any CPU
		{E40EC5D4-4A88-47A0-AC35-5E4EF0BB3910}.Release|x64.ActiveCfg = Release|Any CPU
		{E40EC5D4-4A88-47A0-AC35-5E4EF0BB3910}.Release|x64.Build.0 = Release|Any CPU
		{E40EC5D4-4A88-47A0-AC35-5E4EF0BB3910}.Release|x86.ActiveCfg = Release|Any CPU
		{E40EC5D4-4A88-47A0-AC35-5E4EF0BB3910}.Release|x86.Build.0 = Release|Any CPU
		{AE59A49D-7BEB-443A-A40B-1B74684AF098}.Debug|Any CPU.ActiveCfg = Debug|Any CPU
		{AE59A49D-7BEB-443A-A40B-1B74684AF098}.Debug|Any CPU.Build.0 = Debug|Any CPU
		{AE59A49D-7BEB-443A-A40B-1B74684AF098}.Debug|ARM.ActiveCfg = Debug|Any CPU
		{AE59A49D-7BEB-443A-A40B-1B74684AF098}.Debug|ARM.Build.0 = Debug|Any CPU
		{AE59A49D-7BEB-443A-A40B-1B74684AF098}.Debug|x64.ActiveCfg = Debug|Any CPU
		{AE59A49D-7BEB-443A-A40B-1B74684AF098}.Debug|x64.Build.0 = Debug|Any CPU
		{AE59A49D-7BEB-443A-A40B-1B74684AF098}.Debug|x86.ActiveCfg = Debug|Any CPU
		{AE59A49D-7BEB-443A-A40B-1B74684AF098}.Debug|x86.Build.0 = Debug|Any CPU
		{AE59A49D-7BEB-443A-A40B-1B74684AF098}.Release|Any CPU.ActiveCfg = Release|Any CPU
		{AE59A49D-7BEB-443A-A40B-1B74684AF098}.Release|Any CPU.Build.0 = Release|Any CPU
		{AE59A49D-7BEB-443A-A40B-1B74684AF098}.Release|ARM.ActiveCfg = Release|Any CPU
		{AE59A49D-7BEB-443A-A40B-1B74684AF098}.Release|ARM.Build.0 = Release|Any CPU
		{AE59A49D-7BEB-443A-A40B-1B74684AF098}.Release|x64.ActiveCfg = Release|Any CPU
		{AE59A49D-7BEB-443A-A40B-1B74684AF098}.Release|x64.Build.0 = Release|Any CPU
		{AE59A49D-7BEB-443A-A40B-1B74684AF098}.Release|x86.ActiveCfg = Release|Any CPU
		{AE59A49D-7BEB-443A-A40B-1B74684AF098}.Release|x86.Build.0 = Release|Any CPU
		{DE7AF2A9-002A-45C1-95F0-989E856B1A72}.Debug|Any CPU.ActiveCfg = Debug|Any CPU
		{DE7AF2A9-002A-45C1-95F0-989E856B1A72}.Debug|Any CPU.Build.0 = Debug|Any CPU
		{DE7AF2A9-002A-45C1-95F0-989E856B1A72}.Debug|ARM.ActiveCfg = Debug|Any CPU
		{DE7AF2A9-002A-45C1-95F0-989E856B1A72}.Debug|ARM.Build.0 = Debug|Any CPU
		{DE7AF2A9-002A-45C1-95F0-989E856B1A72}.Debug|x64.ActiveCfg = Debug|Any CPU
		{DE7AF2A9-002A-45C1-95F0-989E856B1A72}.Debug|x64.Build.0 = Debug|Any CPU
		{DE7AF2A9-002A-45C1-95F0-989E856B1A72}.Debug|x86.ActiveCfg = Debug|Any CPU
		{DE7AF2A9-002A-45C1-95F0-989E856B1A72}.Debug|x86.Build.0 = Debug|Any CPU
		{DE7AF2A9-002A-45C1-95F0-989E856B1A72}.Release|Any CPU.ActiveCfg = Release|Any CPU
		{DE7AF2A9-002A-45C1-95F0-989E856B1A72}.Release|Any CPU.Build.0 = Release|Any CPU
		{DE7AF2A9-002A-45C1-95F0-989E856B1A72}.Release|ARM.ActiveCfg = Release|Any CPU
		{DE7AF2A9-002A-45C1-95F0-989E856B1A72}.Release|ARM.Build.0 = Release|Any CPU
		{DE7AF2A9-002A-45C1-95F0-989E856B1A72}.Release|x64.ActiveCfg = Release|Any CPU
		{DE7AF2A9-002A-45C1-95F0-989E856B1A72}.Release|x64.Build.0 = Release|Any CPU
		{DE7AF2A9-002A-45C1-95F0-989E856B1A72}.Release|x86.ActiveCfg = Release|Any CPU
		{DE7AF2A9-002A-45C1-95F0-989E856B1A72}.Release|x86.Build.0 = Release|Any CPU
		{D34381C7-AEF9-4C6A-94E7-56830D70A3A3}.Debug|Any CPU.ActiveCfg = Debug|Any CPU
		{D34381C7-AEF9-4C6A-94E7-56830D70A3A3}.Debug|Any CPU.Build.0 = Debug|Any CPU
		{D34381C7-AEF9-4C6A-94E7-56830D70A3A3}.Debug|ARM.ActiveCfg = Debug|Any CPU
		{D34381C7-AEF9-4C6A-94E7-56830D70A3A3}.Debug|ARM.Build.0 = Debug|Any CPU
		{D34381C7-AEF9-4C6A-94E7-56830D70A3A3}.Debug|x64.ActiveCfg = Debug|Any CPU
		{D34381C7-AEF9-4C6A-94E7-56830D70A3A3}.Debug|x64.Build.0 = Debug|Any CPU
		{D34381C7-AEF9-4C6A-94E7-56830D70A3A3}.Debug|x86.ActiveCfg = Debug|Any CPU
		{D34381C7-AEF9-4C6A-94E7-56830D70A3A3}.Debug|x86.Build.0 = Debug|Any CPU
		{D34381C7-AEF9-4C6A-94E7-56830D70A3A3}.Release|Any CPU.ActiveCfg = Release|Any CPU
		{D34381C7-AEF9-4C6A-94E7-56830D70A3A3}.Release|Any CPU.Build.0 = Release|Any CPU
		{D34381C7-AEF9-4C6A-94E7-56830D70A3A3}.Release|ARM.ActiveCfg = Release|Any CPU
		{D34381C7-AEF9-4C6A-94E7-56830D70A3A3}.Release|ARM.Build.0 = Release|Any CPU
		{D34381C7-AEF9-4C6A-94E7-56830D70A3A3}.Release|x64.ActiveCfg = Release|Any CPU
		{D34381C7-AEF9-4C6A-94E7-56830D70A3A3}.Release|x64.Build.0 = Release|Any CPU
		{D34381C7-AEF9-4C6A-94E7-56830D70A3A3}.Release|x86.ActiveCfg = Release|Any CPU
		{D34381C7-AEF9-4C6A-94E7-56830D70A3A3}.Release|x86.Build.0 = Release|Any CPU
		{625F28FB-483A-4BCC-90DA-ADDBAF217CD5}.Debug|Any CPU.ActiveCfg = Debug|Any CPU
		{625F28FB-483A-4BCC-90DA-ADDBAF217CD5}.Debug|Any CPU.Build.0 = Debug|Any CPU
		{625F28FB-483A-4BCC-90DA-ADDBAF217CD5}.Debug|ARM.ActiveCfg = Debug|Any CPU
		{625F28FB-483A-4BCC-90DA-ADDBAF217CD5}.Debug|ARM.Build.0 = Debug|Any CPU
		{625F28FB-483A-4BCC-90DA-ADDBAF217CD5}.Debug|x64.ActiveCfg = Debug|Any CPU
		{625F28FB-483A-4BCC-90DA-ADDBAF217CD5}.Debug|x64.Build.0 = Debug|Any CPU
		{625F28FB-483A-4BCC-90DA-ADDBAF217CD5}.Debug|x86.ActiveCfg = Debug|Any CPU
		{625F28FB-483A-4BCC-90DA-ADDBAF217CD5}.Debug|x86.Build.0 = Debug|Any CPU
		{625F28FB-483A-4BCC-90DA-ADDBAF217CD5}.Release|Any CPU.ActiveCfg = Release|Any CPU
		{625F28FB-483A-4BCC-90DA-ADDBAF217CD5}.Release|Any CPU.Build.0 = Release|Any CPU
		{625F28FB-483A-4BCC-90DA-ADDBAF217CD5}.Release|ARM.ActiveCfg = Release|Any CPU
		{625F28FB-483A-4BCC-90DA-ADDBAF217CD5}.Release|ARM.Build.0 = Release|Any CPU
		{625F28FB-483A-4BCC-90DA-ADDBAF217CD5}.Release|x64.ActiveCfg = Release|Any CPU
		{625F28FB-483A-4BCC-90DA-ADDBAF217CD5}.Release|x64.Build.0 = Release|Any CPU
		{625F28FB-483A-4BCC-90DA-ADDBAF217CD5}.Release|x86.ActiveCfg = Release|Any CPU
		{625F28FB-483A-4BCC-90DA-ADDBAF217CD5}.Release|x86.Build.0 = Release|Any CPU
	EndGlobalSection
	GlobalSection(SolutionProperties) = preSolution
		HideSolutionNode = FALSE
	EndGlobalSection
EndGlobal
