
Microsoft Visual Studio Solution File, Format Version 12.00
# Visual Studio 14
VisualStudioVersion = 14.0.25420.1
MinimumVisualStudioVersion = 10.0.40219.1
Project("{F184B08F-C81C-45F6-A57F-5ABD9991F28F}") = "DotNetLab.VBLib", "DotNetLab.VBLib.vbproj", "{D27D454C-E85D-4B7F-9B61-7BC617746D33}"
EndProject
Project("{FAE04EC0-301F-11D3-BF4B-00C04F79EFBC}") = "DotNetLab.WinApp", "..\DotNetLab.WinApp\DotNetLab.WinApp.csproj", "{FBF9C693-68E2-4BB3-B4EB-8A982573C6EE}"
EndProject
Global
	GlobalSection(SolutionConfigurationPlatforms) = preSolution
		Debug|Any CPU = Debug|Any CPU
		Release|Any CPU = Release|Any CPU
	EndGlobalSection
	GlobalSection(ProjectConfigurationPlatforms) = postSolution
		{D27D454C-E85D-4B7F-9B61-7BC617746D33}.Debug|Any CPU.ActiveCfg = Debug|Any CPU
		{D27D454C-E85D-4B7F-9B61-7BC617746D33}.Debug|Any CPU.Build.0 = Debug|Any CPU
		{D27D454C-E85D-4B7F-9B61-7BC617746D33}.Release|Any CPU.ActiveCfg = Release|Any CPU
		{D27D454C-E85D-4B7F-9B61-7BC617746D33}.Release|Any CPU.Build.0 = Release|Any CPU
		{FBF9C693-68E2-4BB3-B4EB-8A982573C6EE}.Debug|Any CPU.ActiveCfg = Debug|Any CPU
		{FBF9C693-68E2-4BB3-B4EB-8A982573C6EE}.Debug|Any CPU.Build.0 = Debug|Any CPU
		{FBF9C693-68E2-4BB3-B4EB-8A982573C6EE}.Release|Any CPU.ActiveCfg = Release|Any CPU
		{FBF9C693-68E2-4BB3-B4EB-8A982573C6EE}.Release|Any CPU.Build.0 = Release|Any CPU
	EndGlobalSection
	GlobalSection(SolutionProperties) = preSolution
		HideSolutionNode = FALSE
	EndGlobalSection
EndGlobal
